
Microsoft Visual Studio Solution File, Format Version 12.00
# Visual Studio Version 17
VisualStudioVersion = 17.13.35828.75
MinimumVisualStudioVersion = 10.0.40219.1
Project("{FAE04EC0-301F-11D3-BF4B-00C04F79EFBC}") = "ArrayV1", "ArrayV1\ArrayV1.csproj", "{04B7FDE9-68F3-4486-A3A6-953E1F06BCAC}"
EndProject
Project("{FAE04EC0-301F-11D3-BF4B-00C04F79EFBC}") = "ArraysV2", "ArraysV2\ArraysV2.csproj", "{9A825FC0-428E-4CDF-9C32-A365E8DB2829}"
EndProject
Project("{FAE04EC0-301F-11D3-BF4B-00C04F79EFBC}") = "ConsoleApp1", "ConsoleApp1\ConsoleApp1.csproj", "{74C5A860-F9B3-42B3-A14C-6D6E09B97B2B}"
EndProject
Project("{FAE04EC0-301F-11D3-BF4B-00C04F79EFBC}") = "2DArrays", "2DArrays\2DArrays.csproj", "{F735500F-6E2F-4117-8B5C-90BD05C5BBBD}"
EndProject
Project("{FAE04EC0-301F-11D3-BF4B-00C04F79EFBC}") = "2DArraysV2", "2DArraysV2\2DArraysV2.csproj", "{32044D19-172F-4311-907E-54123E7D44BE}"
EndProject
Project("{FAE04EC0-301F-11D3-BF4B-00C04F79EFBC}") = "2DArraysV3", "2DArraysV3\2DArraysV3.csproj", "{B8D63F5F-AB9C-40E3-A45D-D4B0834861A8}"
EndProject
Global
	GlobalSection(SolutionConfigurationPlatforms) = preSolution
		Debug|Any CPU = Debug|Any CPU
		Release|Any CPU = Release|Any CPU
	EndGlobalSection
	GlobalSection(ProjectConfigurationPlatforms) = postSolution
		{04B7FDE9-68F3-4486-A3A6-953E1F06BCAC}.Debug|Any CPU.ActiveCfg = Debug|Any CPU
		{04B7FDE9-68F3-4486-A3A6-953E1F06BCAC}.Debug|Any CPU.Build.0 = Debug|Any CPU
		{04B7FDE9-68F3-4486-A3A6-953E1F06BCAC}.Release|Any CPU.ActiveCfg = Release|Any CPU
		{04B7FDE9-68F3-4486-A3A6-953E1F06BCAC}.Release|Any CPU.Build.0 = Release|Any CPU
		{9A825FC0-428E-4CDF-9C32-A365E8DB2829}.Debug|Any CPU.ActiveCfg = Debug|Any CPU
		{9A825FC0-428E-4CDF-9C32-A365E8DB2829}.Debug|Any CPU.Build.0 = Debug|Any CPU
		{9A825FC0-428E-4CDF-9C32-A365E8DB2829}.Release|Any CPU.ActiveCfg = Release|Any CPU
		{9A825FC0-428E-4CDF-9C32-A365E8DB2829}.Release|Any CPU.Build.0 = Release|Any CPU
		{74C5A860-F9B3-42B3-A14C-6D6E09B97B2B}.Debug|Any CPU.ActiveCfg = Debug|Any CPU
		{74C5A860-F9B3-42B3-A14C-6D6E09B97B2B}.Debug|Any CPU.Build.0 = Debug|Any CPU
		{74C5A860-F9B3-42B3-A14C-6D6E09B97B2B}.Release|Any CPU.ActiveCfg = Release|Any CPU
		{74C5A860-F9B3-42B3-A14C-6D6E09B97B2B}.Release|Any CPU.Build.0 = Release|Any CPU
		{F735500F-6E2F-4117-8B5C-90BD05C5BBBD}.Debug|Any CPU.ActiveCfg = Debug|Any CPU
		{F735500F-6E2F-4117-8B5C-90BD05C5BBBD}.Debug|Any CPU.Build.0 = Debug|Any CPU
		{F735500F-6E2F-4117-8B5C-90BD05C5BBBD}.Release|Any CPU.ActiveCfg = Release|Any CPU
		{F735500F-6E2F-4117-8B5C-90BD05C5BBBD}.Release|Any CPU.Build.0 = Release|Any CPU
		{32044D19-172F-4311-907E-54123E7D44BE}.Debug|Any CPU.ActiveCfg = Debug|Any CPU
		{32044D19-172F-4311-907E-54123E7D44BE}.Debug|Any CPU.Build.0 = Debug|Any CPU
		{32044D19-172F-4311-907E-54123E7D44BE}.Release|Any CPU.ActiveCfg = Release|Any CPU
		{32044D19-172F-4311-907E-54123E7D44BE}.Release|Any CPU.Build.0 = Release|Any CPU
		{B8D63F5F-AB9C-40E3-A45D-D4B0834861A8}.Debug|Any CPU.ActiveCfg = Debug|Any CPU
		{B8D63F5F-AB9C-40E3-A45D-D4B0834861A8}.Debug|Any CPU.Build.0 = Debug|Any CPU
		{B8D63F5F-AB9C-40E3-A45D-D4B0834861A8}.Release|Any CPU.ActiveCfg = Release|Any CPU
		{B8D63F5F-AB9C-40E3-A45D-D4B0834861A8}.Release|Any CPU.Build.0 = Release|Any CPU
	EndGlobalSection
	GlobalSection(SolutionProperties) = preSolution
		HideSolutionNode = FALSE
	EndGlobalSection
	GlobalSection(ExtensibilityGlobals) = postSolution
		SolutionGuid = {22565D9C-BACB-460E-9E14-32CCF9F1C07E}
	EndGlobalSection
EndGlobal
